
Microsoft Visual Studio Solution File, Format Version 12.00
# Visual Studio Version 17
VisualStudioVersion = 17.7.34221.43
MinimumVisualStudioVersion = 10.0.40219.1
Project("{2150E333-8FDC-42A3-9474-1A3956D46DE8}") = "Solution Items", "Solution Items", "{6F673EE3-CCAE-4A8D-8EA2-209C6BF98869}"
	ProjectSection(SolutionItems) = preProject
		index.html = index.html
	EndProjectSection
EndProject
Project("{2150E333-8FDC-42A3-9474-1A3956D46DE8}") = "resources", "resources", "{60E27582-A741-49F1-9855-0219E3A57407}"
EndProject
Project("{2150E333-8FDC-42A3-9474-1A3956D46DE8}") = "css", "css", "{C4DA274B-3D3B-4101-B603-5C1AE2FF4701}"
	ProjectSection(SolutionItems) = preProject
		resources\css\buttons.css = resources\css\buttons.css
		resources\css\fonts.css = resources\css\fonts.css
		resources\css\layout.css = resources\css\layout.css
	EndProjectSection
EndProject
Project("{2150E333-8FDC-42A3-9474-1A3956D46DE8}") = "fonts", "fonts", "{5D11B3F7-F19B-4276-97D4-38F67D08B79E}"
	ProjectSection(SolutionItems) = preProject
		resources\fonts\poppins-italic.ttf = resources\fonts\poppins-italic.ttf
		resources\fonts\poppins-regular.ttf = resources\fonts\poppins-regular.ttf
		resources\fonts\poppins-thin.ttf = resources\fonts\poppins-thin.ttf
		resources\fonts\scotland.otf = resources\fonts\scotland.otf
	EndProjectSection
EndProject
Project("{2150E333-8FDC-42A3-9474-1A3956D46DE8}") = "images", "images", "{A915D59C-88DE-4FE7-BCA8-12B114141DE0}"
	ProjectSection(SolutionItems) = preProject
		resources\images\swedeAs.png = resources\images\swedeAs.png
	EndProjectSection
EndProject
Project("{2150E333-8FDC-42A3-9474-1A3956D46DE8}") = "scripts", "scripts", "{CB209C5C-1103-461F-B733-190CE97DDCDD}"
	ProjectSection(SolutionItems) = preProject
		resources\scripts\setContext.js = resources\scripts\setContext.js
	EndProjectSection
EndProject
Project("{2150E333-8FDC-42A3-9474-1A3956D46DE8}") = "tests", "tests", "{47D8719E-2F43-45CF-A1FD-EB3765284929}"
EndProject
Project("{2150E333-8FDC-42A3-9474-1A3956D46DE8}") = "ui-tests", "ui-tests", "{DDF138DF-451F-4BE7-B5BF-E154A74A5531}"
EndProject
Project("{2150E333-8FDC-42A3-9474-1A3956D46DE8}") = "cypress", "cypress", "{962AC6D4-7812-42C6-A7F2-A3750E30FBA5}"
	ProjectSection(SolutionItems) = preProject
		tests\ui-tests\cypress\cypress.config.js = tests\ui-tests\cypress\cypress.config.js
		tests\ui-tests\cypress\package.json = tests\ui-tests\cypress\package.json
	EndProjectSection
EndProject
Project("{2150E333-8FDC-42A3-9474-1A3956D46DE8}") = "cypress", "cypress", "{7B70D5F6-DCF0-4FE9-9AE4-302D448C959A}"
EndProject
Project("{2150E333-8FDC-42A3-9474-1A3956D46DE8}") = "e2e", "e2e", "{2823FE3C-CB5C-4232-B95D-0EC66ED40A12}"
	ProjectSection(SolutionItems) = preProject
		tests\ui-tests\cypress\cypress\e2e\homepage.cy.js = tests\ui-tests\cypress\cypress\e2e\homepage.cy.js
	EndProjectSection
EndProject
Project("{2150E333-8FDC-42A3-9474-1A3956D46DE8}") = "fixtures", "fixtures", "{9EC7D014-4DE0-4374-BB00-C4E1B939BA36}"
	ProjectSection(SolutionItems) = preProject
		tests\ui-tests\cypress\cypress\fixtures\example.json = tests\ui-tests\cypress\cypress\fixtures\example.json
	EndProjectSection
EndProject
Project("{2150E333-8FDC-42A3-9474-1A3956D46DE8}") = "support", "support", "{F2239F76-9943-4E21-96CB-FDCDD20B89CB}"
	ProjectSection(SolutionItems) = preProject
		tests\ui-tests\cypress\cypress\support\commands.js = tests\ui-tests\cypress\cypress\support\commands.js
		tests\ui-tests\cypress\cypress\support\e2e.js = tests\ui-tests\cypress\cypress\support\e2e.js
	EndProjectSection
EndProject
Project("{2150E333-8FDC-42A3-9474-1A3956D46DE8}") = "pages", "pages", "{5B90B731-B2D1-46B1-B720-C0B917872EC7}"
	ProjectSection(SolutionItems) = preProject
		tests\ui-tests\cypress\cypress\pages\homepage.js = tests\ui-tests\cypress\cypress\pages\homepage.js
	EndProjectSection
EndProject
Project("{2150E333-8FDC-42A3-9474-1A3956D46DE8}") = "integration", "integration", "{F6F6240B-5C43-4012-8C8D-DBE29BAD4F0E}"
	ProjectSection(SolutionItems) = preProject
		tests\ui-tests\cypress\cypress\integration\homepage.feature = tests\ui-tests\cypress\cypress\integration\homepage.feature
		tests\ui-tests\cypress\cypress\integration\homepage_sidebar.feature = tests\ui-tests\cypress\cypress\integration\homepage_sidebar.feature
	EndProjectSection
EndProject
Project("{2150E333-8FDC-42A3-9474-1A3956D46DE8}") = "homepage", "homepage", "{5DCB0C90-F4A0-49F5-9C71-7CF6DF2C6EAE}"
	ProjectSection(SolutionItems) = preProject
		tests\ui-tests\cypress\cypress\integration\homepage\homepage.spec.js = tests\ui-tests\cypress\cypress\integration\homepage\homepage.spec.js
	EndProjectSection
EndProject
Project("{2150E333-8FDC-42A3-9474-1A3956D46DE8}") = "homepage_sidebar", "homepage_sidebar", "{218A5CED-3F12-4230-ACF5-6CE1F717231C}"
	ProjectSection(SolutionItems) = preProject
		tests\ui-tests\cypress\cypress\integration\homepage_sidebar\homepage_sidebar.spec.js = tests\ui-tests\cypress\cypress\integration\homepage_sidebar\homepage_sidebar.spec.js
	EndProjectSection
EndProject
Project("{2150E333-8FDC-42A3-9474-1A3956D46DE8}") = "common", "common", "{A375CFC3-9B03-45EC-912C-2249D4AA056D}"
	ProjectSection(SolutionItems) = preProject
		tests\ui-tests\cypress\cypress\integration\common\common.spec.js = tests\ui-tests\cypress\cypress\integration\common\common.spec.js
	EndProjectSection
EndProject
Project("{2150E333-8FDC-42A3-9474-1A3956D46DE8}") = "selenium", "selenium", "{1C039E01-3751-4493-A1B4-B6557382D51F}"
	ProjectSection(SolutionItems) = preProject
		tests\ui-tests\selenium\package.json = tests\ui-tests\selenium\package.json
	EndProjectSection
EndProject
Project("{2150E333-8FDC-42A3-9474-1A3956D46DE8}") = "features", "features", "{3228EF8F-D93D-435D-9CA0-75616E9815AD}"
	ProjectSection(SolutionItems) = preProject
		tests\ui-tests\selenium\features\homepage.feature = tests\ui-tests\selenium\features\homepage.feature
	EndProjectSection
EndProject
Project("{2150E333-8FDC-42A3-9474-1A3956D46DE8}") = "step-definitions", "step-definitions", "{D10D9E21-C636-428B-BF13-16AA025AA284}"
	ProjectSection(SolutionItems) = preProject
		tests\ui-tests\selenium\features\step-definitions\homepage.js = tests\ui-tests\selenium\features\step-definitions\homepage.js
	EndProjectSection
EndProject
Project("{2150E333-8FDC-42A3-9474-1A3956D46DE8}") = "support", "support", "{B6C8FA56-EA0A-449C-B80B-681B4B8A6E81}"
	ProjectSection(SolutionItems) = preProject
		tests\ui-tests\selenium\features\support\env.js = tests\ui-tests\selenium\features\support\env.js
		tests\ui-tests\selenium\features\support\hooks.js = tests\ui-tests\selenium\features\support\hooks.js
	EndProjectSection
EndProject
Global
	GlobalSection(SolutionProperties) = preSolution
		HideSolutionNode = FALSE
	EndGlobalSection
	GlobalSection(NestedProjects) = preSolution
		{60E27582-A741-49F1-9855-0219E3A57407} = {6F673EE3-CCAE-4A8D-8EA2-209C6BF98869}
		{C4DA274B-3D3B-4101-B603-5C1AE2FF4701} = {60E27582-A741-49F1-9855-0219E3A57407}
		{5D11B3F7-F19B-4276-97D4-38F67D08B79E} = {60E27582-A741-49F1-9855-0219E3A57407}
		{A915D59C-88DE-4FE7-BCA8-12B114141DE0} = {60E27582-A741-49F1-9855-0219E3A57407}
		{CB209C5C-1103-461F-B733-190CE97DDCDD} = {60E27582-A741-49F1-9855-0219E3A57407}
		{47D8719E-2F43-45CF-A1FD-EB3765284929} = {6F673EE3-CCAE-4A8D-8EA2-209C6BF98869}
		{DDF138DF-451F-4BE7-B5BF-E154A74A5531} = {47D8719E-2F43-45CF-A1FD-EB3765284929}
		{962AC6D4-7812-42C6-A7F2-A3750E30FBA5} = {DDF138DF-451F-4BE7-B5BF-E154A74A5531}
		{7B70D5F6-DCF0-4FE9-9AE4-302D448C959A} = {962AC6D4-7812-42C6-A7F2-A3750E30FBA5}
		{2823FE3C-CB5C-4232-B95D-0EC66ED40A12} = {7B70D5F6-DCF0-4FE9-9AE4-302D448C959A}
		{9EC7D014-4DE0-4374-BB00-C4E1B939BA36} = {7B70D5F6-DCF0-4FE9-9AE4-302D448C959A}
		{F2239F76-9943-4E21-96CB-FDCDD20B89CB} = {7B70D5F6-DCF0-4FE9-9AE4-302D448C959A}
		{5B90B731-B2D1-46B1-B720-C0B917872EC7} = {7B70D5F6-DCF0-4FE9-9AE4-302D448C959A}
		{F6F6240B-5C43-4012-8C8D-DBE29BAD4F0E} = {7B70D5F6-DCF0-4FE9-9AE4-302D448C959A}
		{5DCB0C90-F4A0-49F5-9C71-7CF6DF2C6EAE} = {F6F6240B-5C43-4012-8C8D-DBE29BAD4F0E}
		{218A5CED-3F12-4230-ACF5-6CE1F717231C} = {F6F6240B-5C43-4012-8C8D-DBE29BAD4F0E}
		{A375CFC3-9B03-45EC-912C-2249D4AA056D} = {F6F6240B-5C43-4012-8C8D-DBE29BAD4F0E}
		{1C039E01-3751-4493-A1B4-B6557382D51F} = {DDF138DF-451F-4BE7-B5BF-E154A74A5531}
		{3228EF8F-D93D-435D-9CA0-75616E9815AD} = {1C039E01-3751-4493-A1B4-B6557382D51F}
		{D10D9E21-C636-428B-BF13-16AA025AA284} = {3228EF8F-D93D-435D-9CA0-75616E9815AD}
		{B6C8FA56-EA0A-449C-B80B-681B4B8A6E81} = {3228EF8F-D93D-435D-9CA0-75616E9815AD}
	EndGlobalSection
	GlobalSection(ExtensibilityGlobals) = postSolution
		SolutionGuid = {65AC0BE3-43CA-4CB0-AA01-5A74F5301EDD}
	EndGlobalSection
EndGlobal
